<?xml version="1.0" encoding="UTF-8" standalone="yes" ?>
<CodeBlocks_project_file>
	<FileVersion major="1" minor="6" />
	<Project>
		<Option title="GLTracer" />
		<Option pch_mode="2" />
		<Option compiler="gcc" />
		<Build>
			<Target title="Debug">
				<Option output="bin/Debug/GLTracer" prefix_auto="1" extension_auto="1" />
				<Option working_dir="../GLTracer" />
				<Option object_output="obj/Debug/" />
				<Option type="1" />
				<Option compiler="gcc" />
				<Compiler>
					<Add option="-pg" />
					<Add option="-g" />
				</Compiler>
				<Linker>
					<Add option="-pg -lgmon" />
				</Linker>
			</Target>
			<Target title="Release">
				<Option output="bin/Release/GLTracer" prefix_auto="1" extension_auto="1" />
				<Option working_dir="../GLTracer" />
				<Option object_output="obj/Release/" />
				<Option type="0" />
				<Option compiler="gcc" />
				<Compiler>
					<Add option="-O2" />
				</Compiler>
				<Linker>
					<Add option="-s" />
				</Linker>
			</Target>
		</Build>
		<Compiler>
			<Add option="-std=c++11" />
			<Add option="-Wno-unknown-pragmas" />
			<Add option="-DGLM_FORCE_RADIANS" />
			<Add option="-DGLFW_INCLUDE_GLU" />
			<Add directory="C:/Program Files (x86)/CodeBlocks/MinGW/include" />
			<Add directory="include" />
		</Compiler>
		<Linker>
			<Add option="-static-libgcc" />
			<Add option="-static-libstdc++" />
			<Add library="glfw3" />
			<Add library="glew32" />
			<Add library="opengl32" />
			<Add library="libgdi32" />
			<Add directory="C:/Program Files (x86)/CodeBlocks/MinGW/lib" />
		</Linker>
		<Unit filename="include/Camera.h" />
		<Unit filename="include/Collisions.h" />
		<Unit filename="include/Controls.h" />
		<Unit filename="include/GLTracer.h" />
		<Unit filename="include/IsectData.h" />
		<Unit filename="include/Primitive.h" />
		<Unit filename="include/Ray.h" />
		<Unit filename="include/Scene.h" />
		<Unit filename="include/ShaderProgram.h" />
		<Unit filename="include/TestScene.h" />
		<Unit filename="include/Utility.h" />
		<Unit filename="include/WorldClock.h" />
		<Unit filename="include/accell/Grid.h" />
		<Unit filename="include/accell/kdTree.h" />
		<Unit filename="main.cpp" />
		<Unit filename="shaders/BasicFrag.frag" />
		<Unit filename="shaders/BasicVert.vert" />
		<Unit filename="shaders/Raytracer.frag" />
		<Unit filename="src/Camera.cpp" />
		<Unit filename="src/Collisions.cpp" />
		<Unit filename="src/Controls.cpp" />
		<Unit filename="src/GLTracer.cpp" />
		<Unit filename="src/Scene.cpp" />
		<Unit filename="src/ShaderProgram.cpp" />
		<Unit filename="src/TestScene.cpp" />
		<Unit filename="src/WorldClock.cpp" />
		<Unit filename="src/accell/Grid.cpp" />
		<Unit filename="src/accell/kdTree.cpp" />
		<Extensions>
			<code_completion />
			<envvars />
			<debugger />
			<lib_finder disable_auto="1" />
		</Extensions>
	</Project>
</CodeBlocks_project_file>
